NeoBundleLock DoxygenToolkit.vim afd8663d36d2ec19d26befdb10e89e912d26bbd3
NeoBundleLock TagHighlight 9ee760281ab6e8443ea9bb9ae484b0233b3f0e29
NeoBundleLock a.vim 2cbe946206ec622d9d8cf2c99317f204c4d41885
NeoBundleLock jedi-vim 525524b5cfd6caf01fb77a108c5c2dcfade5edc4
NeoBundleLock neobundle.vim 1fb9010a1eb22d0e11bd853d4b8280b2fffb43f0
NeoBundleLock neocomplete.vim 5adbcdccea200b83b1145378e49600758e227e32
NeoBundleLock neosnippet-snippets 7bc1674170670a4c43f7f4fc65e0e396759512ea
NeoBundleLock neosnippet.vim 9dcb239f113ec6b4d94592a6dd15e5c53b6e7b1a
NeoBundleLock taglist.vim 53041fbc45398a9af631a20657e109707a455339
NeoBundleLock unite.vim 382b68c4e7d3a876bcefc41878706a6574f971ad
NeoBundleLock vim-clang-format d90af92d8877eac8f9baad1ba8821c092d30ec3b
NeoBundleLock vim-colors-solarized 528a59f26d12278698bb946f8fb82a63711eec21
NeoBundleLock vim-quickrun ec9f7f2c26dd49ffaf4f3ce8c6254c76696fbf41
NeoBundleLock vimfiler feaa54e08a62720e5213874849b67fff519a43f4
NeoBundleLock vimproc 27155030cd891059a04b72288217f1cf7c0642c7
