NeoBundleLock TagHighlight 9ee760281ab6e8443ea9bb9ae484b0233b3f0e29
NeoBundleLock vim-colors-solarized 528a59f26d12278698bb946f8fb82a63711eec21
NeoBundleLock vim-quickrun 324a8a3fbc5cdde3de21f0b76fb7cc0775a91c2c
NeoBundleLock cocoa.vim ca6f2544c1f4ef9e5fbd8a040c1ed94fbac67351
NeoBundleLock syntastic c4c56716fec8f84a6ef5fb0a2e74dd57ea4a931b
NeoBundleLock neobundle.vim 4a3bb7fb323b62f571c22ff15139fe996dc60ac8
NeoBundleLock a.vim 2cbe946206ec622d9d8cf2c99317f204c4d41885
NeoBundleLock vim-clang-format fb3f3dfd7a5936c631b7220d5442a9f67062edfe
NeoBundleLock auto-ctags.vim 42bd65908c4a93145d25257cdbf15e717f472dc0
NeoBundleLock nerdtree 3b98a7fcae8f9fff356907171f0406ff8cd28921
NeoBundleLock unite.vim bdf83bc2973c146ee24a94943aa490a6e9d1c5eb
NeoBundleLock neocomplete.vim f11e1b81fba4b0b6d7602fb3e6dc7f7dd737c997
NeoBundleLock DoxygenToolkit.vim afd8663d36d2ec19d26befdb10e89e912d26bbd3
NeoBundleLock jedi-vim 9eaede84b235fcbbe1b9164dda29bccd8a406fb2
