NeoBundleLock vim-colors-solarized 528a59f26d12278698bb946f8fb82a63711eec21
NeoBundleLock neobundle.vim 816d21d99a071cc86ba2ffbb4679dde3b764bed7
NeoBundleLock unite.vim 4b1f419685bc9073663d7b05edc34be1994fb29f
NeoBundleLock neocomplete.vim 6362880fad5de338c8af02cb65bb0317d6b7d8bd
NeoBundleLock DoxygenToolkit.vim afd8663d36d2ec19d26befdb10e89e912d26bbd3
